{
  "nodes": {
    "ci": {
      "inputs": {
        "gomod2nix": "gomod2nix",
        "nixpkgs": [
          "facts",
          "nixpkgs-default"
        ]
      },
      "locked": {
        "lastModified": 1630320221,
        "narHash": "sha256-sdMLlx8d4nN7zlbKzPBQp6BrPfliZvlulScqbloImnY=",
        "ref": "master",
        "rev": "082921f6f3805286021dfcf69864c31a31af9ab5",
        "revCount": 20,
        "type": "git",
        "url": "https://gitlab.dbc.dk/platform/bump-o-matic.git"
      },
      "original": {
        "type": "git",
        "url": "https://gitlab.dbc.dk/platform/bump-o-matic.git"
      }
    },
    "facts": {
      "inputs": {
        "nixpkgs": "nixpkgs_2",
        "nixpkgs-default": "nixpkgs-default"
      },
      "locked": {
        "lastModified": 1632382149,
        "narHash": "sha256-KdA2WLpXNChS/CxstzWmlbQVEUPA7QySwCmVBW66KVs=",
        "ref": "master",
        "rev": "22c89bb7f68426b88db8efd9d0894d3bdb39937f",
        "revCount": 330,
        "type": "git",
        "url": "https://gitlab.dbc.dk/it/facts.git"
      },
      "original": {
        "type": "git",
        "url": "https://gitlab.dbc.dk/it/facts.git"
      }
    },
    "gomod2nix": {
      "inputs": {
        "nixpkgs": "nixpkgs",
        "utils": "utils"
      },
      "locked": {
        "lastModified": 1617032337,
        "narHash": "sha256-BTmMxdIJyjOvOpNOaExcyvmJKI9OuhpWyXfOK164Epc=",
        "owner": "tweag",
        "repo": "gomod2nix",
        "rev": "c78d7b9f15a24eba95fbc228509f513c83709d8b",
        "type": "github"
      },
      "original": {
        "owner": "tweag",
        "repo": "gomod2nix",
        "type": "github"
      }
    },
    "nixpkgs": {
      "locked": {
        "lastModified": 1603758576,
        "narHash": "sha256-xKFmWVx+rFInBao3gtmvXcd0LjHD1+0c1Ef5PJDrbuM=",
        "owner": "NixOS",
        "repo": "nixpkgs",
        "rev": "1dc37370c489b610f8b91d7fdd40633163ffbafd",
        "type": "github"
      },
      "original": {
        "owner": "NixOS",
        "ref": "nixos-unstable",
        "repo": "nixpkgs",
        "type": "github"
      }
    },
    "nixpkgs-default": {
      "locked": {
        "lastModified": 1631545603,
        "narHash": "sha256-aT2UoEOnlEBpMRZKBLu/OBsDNTZQS48scjcL936VSLI=",
        "owner": "NixOS",
        "repo": "nixpkgs",
        "rev": "b3083bc6933eb7fa4ee7bd4802e9f72b56f3e654",
        "type": "github"
      },
      "original": {
        "owner": "NixOS",
        "ref": "nixos-21.05",
        "repo": "nixpkgs",
        "type": "github"
      }
    },
    "nixpkgs_2": {
      "locked": {
        "lastModified": 1631663639,
        "narHash": "sha256-5oMEq+P2krgBbqogWx1k1JrsTCG0pUVYS9DvDzNNV3o=",
        "owner": "NixOS",
        "repo": "nixpkgs",
        "rev": "bcd607489d76795508c48261e1ad05f5d4b7672f",
        "type": "github"
      },
      "original": {
        "owner": "NixOS",
        "ref": "nixos-unstable",
        "repo": "nixpkgs",
        "type": "github"
      }
    },
    "root": {
      "inputs": {
        "ci": "ci",
        "facts": "facts",
        "nixpkgs": [
          "facts",
          "nixpkgs-default"
        ]
      }
    },
    "utils": {
      "locked": {
        "lastModified": 1601282935,
        "narHash": "sha256-WQAFV6sGGQxrRs3a+/Yj9xUYvhTpukQJIcMbIi7LCJ4=",
        "owner": "numtide",
        "repo": "flake-utils",
        "rev": "588973065fce51f4763287f0fda87a174d78bf48",
        "type": "github"
      },
      "original": {
        "owner": "numtide",
        "repo": "flake-utils",
        "type": "github"
      }
    }
  },
  "root": "root",
  "version": 7
}
