{
  "nodes": {
    "ci": {
      "inputs": {
        "gomod2nix": "gomod2nix",
        "nixpkgs": [
          "facts",
          "nixpkgs-default"
        ],
        "utils": "utils"
      },
      "locked": {
        "lastModified": 1635237495,
        "narHash": "sha256-mqbHE3VCxZ9sjGBoWoG6HtSnBpMllVwO9S99IdBVygI=",
        "ref": "master",
        "rev": "2fdcb33a3642c90bc06ee0a027f8470e3275759c",
        "revCount": 26,
        "type": "git",
        "url": "https://gitlab.dbc.dk/platform/bump-o-matic.git"
      },
      "original": {
        "type": "git",
        "url": "https://gitlab.dbc.dk/platform/bump-o-matic.git"
      }
    },
    "facts": {
      "inputs": {
        "nixpkgs": "nixpkgs",
        "nixpkgs-default": "nixpkgs-default"
      },
      "locked": {
        "lastModified": 1636358090,
        "narHash": "sha256-6OIguRo2kunLNzlsU2ohGNBt1yUpNYsTq0LqanYs5Kc=",
        "ref": "master",
        "rev": "0ad855c3bb0b75d327aecbce3413bd34c150e93a",
        "revCount": 406,
        "type": "git",
        "url": "https://gitlab.dbc.dk/it/facts.git"
      },
      "original": {
        "type": "git",
        "url": "https://gitlab.dbc.dk/it/facts.git"
      }
    },
    "gomod2nix": {
      "inputs": {
        "nixpkgs": [
          "ci",
          "nixpkgs"
        ],
        "utils": [
          "ci",
          "utils"
        ]
      },
      "locked": {
        "lastModified": 1617032337,
        "narHash": "sha256-BTmMxdIJyjOvOpNOaExcyvmJKI9OuhpWyXfOK164Epc=",
        "owner": "tweag",
        "repo": "gomod2nix",
        "rev": "c78d7b9f15a24eba95fbc228509f513c83709d8b",
        "type": "github"
      },
      "original": {
        "owner": "tweag",
        "repo": "gomod2nix",
        "type": "github"
      }
    },
    "nixpkgs": {
      "locked": {
        "lastModified": 1635844945,
        "narHash": "sha256-tZcL307dj28jgEU1Wdn+zwG9neyW0H2+ZjdVhvJxh9g=",
        "owner": "NixOS",
        "repo": "nixpkgs",
        "rev": "b67e752c29f18a0ca5534a07661366d6a2c2e649",
        "type": "github"
      },
      "original": {
        "owner": "NixOS",
        "ref": "nixos-unstable",
        "repo": "nixpkgs",
        "type": "github"
      }
    },
    "nixpkgs-default": {
      "locked": {
        "lastModified": 1636066614,
        "narHash": "sha256-6XUf07A1IYXmSE4/2qsxLZ4L19C+y9khqxbzkEErJ3Q=",
        "owner": "NixOS",
        "repo": "nixpkgs",
        "rev": "96ded94eb0a8ca3781fb52087b40e09425e384cb",
        "type": "github"
      },
      "original": {
        "owner": "NixOS",
        "ref": "nixos-21.05",
        "repo": "nixpkgs",
        "type": "github"
      }
    },
    "root": {
      "inputs": {
        "ci": "ci",
        "facts": "facts",
        "nixpkgs": [
          "facts",
          "nixpkgs-default"
        ]
      }
    },
    "utils": {
      "locked": {
        "lastModified": 1601282935,
        "narHash": "sha256-WQAFV6sGGQxrRs3a+/Yj9xUYvhTpukQJIcMbIi7LCJ4=",
        "owner": "numtide",
        "repo": "flake-utils",
        "rev": "588973065fce51f4763287f0fda87a174d78bf48",
        "type": "github"
      },
      "original": {
        "owner": "numtide",
        "repo": "flake-utils",
        "type": "github"
      }
    }
  },
  "root": "root",
  "version": 7
}
