{
  "nodes": {
    "ci": {
      "inputs": {
        "gomod2nix": "gomod2nix",
        "nixpkgs": [
          "nixpkgs"
        ],
        "utils": [
          "utils"
        ]
      },
      "locked": {
        "lastModified": 1641896535,
        "narHash": "sha256-gNbNjc7TOu47gdFPFiauKbJhwDN4clpCfPRorPRuJIg=",
        "ref": "master",
        "rev": "4af469b063108020481fe3d83844c42580aba855",
        "revCount": 28,
        "type": "git",
        "url": "https://gitlab.dbc.dk/platform/bump-o-matic.git"
      },
      "original": {
        "type": "git",
        "url": "https://gitlab.dbc.dk/platform/bump-o-matic.git"
      }
    },
    "gomod2nix": {
      "inputs": {
        "nixpkgs": "nixpkgs",
        "utils": "utils"
      },
      "locked": {
        "lastModified": 1617032337,
        "narHash": "sha256-BTmMxdIJyjOvOpNOaExcyvmJKI9OuhpWyXfOK164Epc=",
        "owner": "tweag",
        "repo": "gomod2nix",
        "rev": "c78d7b9f15a24eba95fbc228509f513c83709d8b",
        "type": "github"
      },
      "original": {
        "owner": "tweag",
        "repo": "gomod2nix",
        "type": "github"
      }
    },
    "nixpkgs": {
      "locked": {
        "lastModified": 1646254136,
        "narHash": "sha256-8nQx02tTzgYO21BP/dy5BCRopE8OwE8Drsw98j+Qoaw=",
        "owner": "NixOS",
        "repo": "nixpkgs",
        "rev": "3e072546ea98db00c2364b81491b893673267827",
        "type": "github"
      },
      "original": {
        "owner": "NixOS",
        "ref": "nixos-unstable",
        "repo": "nixpkgs",
        "type": "github"
      }
    },
    "nixpkgs_2": {
      "locked": {
        "lastModified": 1646258393,
        "narHash": "sha256-mKDoCi5Baqainjf0Nx6oTPhaxKQdj4P17XTdhTtXGRA=",
        "owner": "NixOS",
        "repo": "nixpkgs",
        "rev": "ed02c2ba0384b2800db41333045a6fb781f12aac",
        "type": "github"
      },
      "original": {
        "owner": "NixOS",
        "ref": "nixos-21.11",
        "repo": "nixpkgs",
        "type": "github"
      }
    },
    "root": {
      "inputs": {
        "ci": "ci",
        "nixpkgs": "nixpkgs_2",
        "utils": "utils_2"
      }
    },
    "utils": {
      "locked": {
        "lastModified": 1644229661,
        "narHash": "sha256-1YdnJAsNy69bpcjuoKdOYQX0YxZBiCYZo4Twxerqv7k=",
        "owner": "numtide",
        "repo": "flake-utils",
        "rev": "3cecb5b042f7f209c56ffd8371b2711a290ec797",
        "type": "github"
      },
      "original": {
        "owner": "numtide",
        "repo": "flake-utils",
        "type": "github"
      }
    },
    "utils_2": {
      "locked": {
        "lastModified": 1644229661,
        "narHash": "sha256-1YdnJAsNy69bpcjuoKdOYQX0YxZBiCYZo4Twxerqv7k=",
        "owner": "numtide",
        "repo": "flake-utils",
        "rev": "3cecb5b042f7f209c56ffd8371b2711a290ec797",
        "type": "github"
      },
      "original": {
        "owner": "numtide",
        "repo": "flake-utils",
        "type": "github"
      }
    }
  },
  "root": "root",
  "version": 7
}
